
Microsoft Visual Studio Solution File, Format Version 12.00
# Visual Studio Version 17
VisualStudioVersion = 17.10.35122.118
MinimumVisualStudioVersion = 10.0.40219.1
Project("{2150E333-8FDC-42A3-9474-1A3956D46DE8}") = "API", "API", "{A39052E5-1031-4FDD-90F8-107D4B516F59}"
EndProject
Project("{2150E333-8FDC-42A3-9474-1A3956D46DE8}") = "Core", "Core", "{1B3AFE82-2822-4A73-B4AB-6C6845CA8AF0}"
EndProject
Project("{2150E333-8FDC-42A3-9474-1A3956D46DE8}") = "Infrastructure", "Infrastructure", "{DD37FB3A-0919-4431-BBF3-672C4D9EE0D4}"
EndProject
Project("{2150E333-8FDC-42A3-9474-1A3956D46DE8}") = "Services", "Services", "{8F0A9608-6C88-4047-9A30-E57334362748}"
EndProject
Project("{FAE04EC0-301F-11D3-BF4B-00C04F79EFBC}") = "WebAPI", "WebAPI\WebAPI.csproj", "{B48BB0D5-52F5-4175-9103-DEA4C29800C1}"
EndProject
Project("{FAE04EC0-301F-11D3-BF4B-00C04F79EFBC}") = "AppCore", "AppCore\AppCore.csproj", "{FC0EF344-4C43-406B-961E-4FFD0F40F83E}"
EndProject
Project("{FAE04EC0-301F-11D3-BF4B-00C04F79EFBC}") = "AppPersistence", "AppPersistence\AppPersistence.csproj", "{1E043846-5740-494C-9B6D-D87DD21595C7}"
EndProject
Project("{FAE04EC0-301F-11D3-BF4B-00C04F79EFBC}") = "AppServices", "AppServices\AppServices.csproj", "{95252ADC-AD34-4A63-BD48-1D75E2E9790F}"
EndProject
Global
	GlobalSection(SolutionConfigurationPlatforms) = preSolution
		Debug|Any CPU = Debug|Any CPU
		Release|Any CPU = Release|Any CPU
	EndGlobalSection
	GlobalSection(ProjectConfigurationPlatforms) = postSolution
		{B48BB0D5-52F5-4175-9103-DEA4C29800C1}.Debug|Any CPU.ActiveCfg = Debug|Any CPU
		{B48BB0D5-52F5-4175-9103-DEA4C29800C1}.Debug|Any CPU.Build.0 = Debug|Any CPU
		{B48BB0D5-52F5-4175-9103-DEA4C29800C1}.Release|Any CPU.ActiveCfg = Release|Any CPU
		{B48BB0D5-52F5-4175-9103-DEA4C29800C1}.Release|Any CPU.Build.0 = Release|Any CPU
		{FC0EF344-4C43-406B-961E-4FFD0F40F83E}.Debug|Any CPU.ActiveCfg = Debug|Any CPU
		{FC0EF344-4C43-406B-961E-4FFD0F40F83E}.Debug|Any CPU.Build.0 = Debug|Any CPU
		{FC0EF344-4C43-406B-961E-4FFD0F40F83E}.Release|Any CPU.ActiveCfg = Release|Any CPU
		{FC0EF344-4C43-406B-961E-4FFD0F40F83E}.Release|Any CPU.Build.0 = Release|Any CPU
		{1E043846-5740-494C-9B6D-D87DD21595C7}.Debug|Any CPU.ActiveCfg = Debug|Any CPU
		{1E043846-5740-494C-9B6D-D87DD21595C7}.Debug|Any CPU.Build.0 = Debug|Any CPU
		{1E043846-5740-494C-9B6D-D87DD21595C7}.Release|Any CPU.ActiveCfg = Release|Any CPU
		{1E043846-5740-494C-9B6D-D87DD21595C7}.Release|Any CPU.Build.0 = Release|Any CPU
		{95252ADC-AD34-4A63-BD48-1D75E2E9790F}.Debug|Any CPU.ActiveCfg = Debug|Any CPU
		{95252ADC-AD34-4A63-BD48-1D75E2E9790F}.Debug|Any CPU.Build.0 = Debug|Any CPU
		{95252ADC-AD34-4A63-BD48-1D75E2E9790F}.Release|Any CPU.ActiveCfg = Release|Any CPU
		{95252ADC-AD34-4A63-BD48-1D75E2E9790F}.Release|Any CPU.Build.0 = Release|Any CPU
	EndGlobalSection
	GlobalSection(SolutionProperties) = preSolution
		HideSolutionNode = FALSE
	EndGlobalSection
	GlobalSection(NestedProjects) = preSolution
		{B48BB0D5-52F5-4175-9103-DEA4C29800C1} = {A39052E5-1031-4FDD-90F8-107D4B516F59}
		{FC0EF344-4C43-406B-961E-4FFD0F40F83E} = {1B3AFE82-2822-4A73-B4AB-6C6845CA8AF0}
		{1E043846-5740-494C-9B6D-D87DD21595C7} = {DD37FB3A-0919-4431-BBF3-672C4D9EE0D4}
		{95252ADC-AD34-4A63-BD48-1D75E2E9790F} = {8F0A9608-6C88-4047-9A30-E57334362748}
	EndGlobalSection
	GlobalSection(ExtensibilityGlobals) = postSolution
		SolutionGuid = {C09DC5DF-3E56-4D46-B0F4-53AAE2007F77}
	EndGlobalSection
EndGlobal
